// !$*UTF8*$!
{
	archiveVersion = 1;
	classes = {
	};
	objectVersion = 56;
	objects = {

/* Begin PBXBuildFile section */
		75E7C2C8283699922A347E95 /* libPods-sampleApp.a in Frameworks */ = {isa = PBXBuildFile; fileRef = A37C7B5C52451077A710DDF4 /* libPods-sampleApp.a */; };
		E47F62622BB1A958006154C0 /* sampleAppApp.swift in Sources */ = {isa = PBXBuildFile; fileRef = E47F62612BB1A958006154C0 /* sampleAppApp.swift */; };
		E47F62642BB1A958006154C0 /* ContentView.swift in Sources */ = {isa = PBXBuildFile; fileRef = E47F62632BB1A958006154C0 /* ContentView.swift */; };
		E47F62662BB1A959006154C0 /* Assets.xcassets in Resources */ = {isa = PBXBuildFile; fileRef = E47F62652BB1A959006154C0 /* Assets.xcassets */; };
		E47F62692BB1A959006154C0 /* Preview Assets.xcassets in Resources */ = {isa = PBXBuildFile; fileRef = E47F62682BB1A959006154C0 /* Preview Assets.xcassets */; };
		E47F62732BB1A959006154C0 /* sampleAppTests.swift in Sources */ = {isa = PBXBuildFile; fileRef = E47F62722BB1A959006154C0 /* sampleAppTests.swift */; };
		E47F627D2BB1A959006154C0 /* sampleAppUITests.swift in Sources */ = {isa = PBXBuildFile; fileRef = E47F627C2BB1A959006154C0 /* sampleAppUITests.swift */; };
		E47F627F2BB1A959006154C0 /* sampleAppUITestsLaunchTests.swift in Sources */ = {isa = PBXBuildFile; fileRef = E47F627E2BB1A959006154C0 /* sampleAppUITestsLaunchTests.swift */; };
/* End PBXBuildFile section */

/* Begin PBXContainerItemProxy section */
		E47F626F2BB1A959006154C0 /* PBXContainerItemProxy */ = {
			isa = PBXContainerItemProxy;
			containerPortal = E47F62562BB1A958006154C0 /* Project object */;
			proxyType = 1;
			remoteGlobalIDString = E47F625D2BB1A958006154C0;
			remoteInfo = sampleApp;
		};
		E47F62792BB1A959006154C0 /* PBXContainerItemProxy */ = {
			isa = PBXContainerItemProxy;
			containerPortal = E47F62562BB1A958006154C0 /* Project object */;
			proxyType = 1;
			remoteGlobalIDString = E47F625D2BB1A958006154C0;
			remoteInfo = sampleApp;
		};
/* End PBXContainerItemProxy section */

/* Begin PBXFileReference section */
		8EC1818347DDF6CC98F677BE /* Pods-sampleApp.release.xcconfig */ = {isa = PBXFileReference; includeInIndex = 1; lastKnownFileType = text.xcconfig; name = "Pods-sampleApp.release.xcconfig"; path = "Target Support Files/Pods-sampleApp/Pods-sampleApp.release.xcconfig"; sourceTree = "<group>"; };
		A37C7B5C52451077A710DDF4 /* libPods-sampleApp.a */ = {isa = PBXFileReference; explicitFileType = archive.ar; includeInIndex = 0; path = "libPods-sampleApp.a"; sourceTree = BUILT_PRODUCTS_DIR; };
		D2269C2E41BE32B092AD9536 /* Pods-sampleApp.debug.xcconfig */ = {isa = PBXFileReference; includeInIndex = 1; lastKnownFileType = text.xcconfig; name = "Pods-sampleApp.debug.xcconfig"; path = "Target Support Files/Pods-sampleApp/Pods-sampleApp.debug.xcconfig"; sourceTree = "<group>"; };
		E47F625E2BB1A958006154C0 /* sampleApp.app */ = {isa = PBXFileReference; explicitFileType = wrapper.application; includeInIndex = 0; path = sampleApp.app; sourceTree = BUILT_PRODUCTS_DIR; };
		E47F62612BB1A958006154C0 /* sampleAppApp.swift */ = {isa = PBXFileReference; lastKnownFileType = sourcecode.swift; path = sampleAppApp.swift; sourceTree = "<group>"; };
		E47F62632BB1A958006154C0 /* ContentView.swift */ = {isa = PBXFileReference; lastKnownFileType = sourcecode.swift; path = ContentView.swift; sourceTree = "<group>"; };
		E47F62652BB1A959006154C0 /* Assets.xcassets */ = {isa = PBXFileReference; lastKnownFileType = folder.assetcatalog; path = Assets.xcassets; sourceTree = "<group>"; };
		E47F62682BB1A959006154C0 /* Preview Assets.xcassets */ = {isa = PBXFileReference; lastKnownFileType = folder.assetcatalog; path = "Preview Assets.xcassets"; sourceTree = "<group>"; };
		E47F626E2BB1A959006154C0 /* sampleAppTests.xctest */ = {isa = PBXFileReference; explicitFileType = wrapper.cfbundle; includeInIndex = 0; path = sampleAppTests.xctest; sourceTree = BUILT_PRODUCTS_DIR; };
		E47F62722BB1A959006154C0 /* sampleAppTests.swift */ = {isa = PBXFileReference; lastKnownFileType = sourcecode.swift; path = sampleAppTests.swift; sourceTree = "<group>"; };
		E47F62782BB1A959006154C0 /* sampleAppUITests.xctest */ = {isa = PBXFileReference; explicitFileType = wrapper.cfbundle; includeInIndex = 0; path = sampleAppUITests.xctest; sourceTree = BUILT_PRODUCTS_DIR; };
		E47F627C2BB1A959006154C0 /* sampleAppUITests.swift */ = {isa = PBXFileReference; lastKnownFileType = sourcecode.swift; path = sampleAppUITests.swift; sourceTree = "<group>"; };
		E47F627E2BB1A959006154C0 /* sampleAppUITestsLaunchTests.swift */ = {isa = PBXFileReference; lastKnownFileType = sourcecode.swift; path = sampleAppUITestsLaunchTests.swift; sourceTree = "<group>"; };
/* End PBXFileReference section */

/* Begin PBXFrameworksBuildPhase section */
		E47F625B2BB1A958006154C0 /* Frameworks */ = {
			isa = PBXFrameworksBuildPhase;
			buildActionMask = 2147483647;
			files = (
				75E7C2C8283699922A347E95 /* libPods-sampleApp.a in Frameworks */,
			);
			runOnlyForDeploymentPostprocessing = 0;
		};
		E47F626B2BB1A959006154C0 /* Frameworks */ = {
			isa = PBXFrameworksBuildPhase;
			buildActionMask = 2147483647;
			files = (
			);
			runOnlyForDeploymentPostprocessing = 0;
		};
		E47F62752BB1A959006154C0 /* Frameworks */ = {
			isa = PBXFrameworksBuildPhase;
			buildActionMask = 2147483647;
			files = (
			);
			runOnlyForDeploymentPostprocessing = 0;
		};
/* End PBXFrameworksBuildPhase section */

/* Begin PBXGroup section */
		10AD0841D902264A39119FD9 /* Frameworks */ = {
			isa = PBXGroup;
			children = (
				A37C7B5C52451077A710DDF4 /* libPods-sampleApp.a */,
			);
			name = Frameworks;
			sourceTree = "<group>";
		};
		995A29D12684127862591CA5 /* Pods */ = {
			isa = PBXGroup;
			children = (
				D2269C2E41BE32B092AD9536 /* Pods-sampleApp.debug.xcconfig */,
				8EC1818347DDF6CC98F677BE /* Pods-sampleApp.release.xcconfig */,
			);
			name = Pods;
			path = Pods;
			sourceTree = "<group>";
		};
		E47F62552BB1A958006154C0 = {
			isa = PBXGroup;
			children = (
				E47F62602BB1A958006154C0 /* sampleApp */,
				E47F62712BB1A959006154C0 /* sampleAppTests */,
				E47F627B2BB1A959006154C0 /* sampleAppUITests */,
				E47F625F2BB1A958006154C0 /* Products */,
				995A29D12684127862591CA5 /* Pods */,
				10AD0841D902264A39119FD9 /* Frameworks */,
			);
			sourceTree = "<group>";
		};
		E47F625F2BB1A958006154C0 /* Products */ = {
			isa = PBXGroup;
			children = (
				E47F625E2BB1A958006154C0 /* sampleApp.app */,
				E47F626E2BB1A959006154C0 /* sampleAppTests.xctest */,
				E47F62782BB1A959006154C0 /* sampleAppUITests.xctest */,
			);
			name = Products;
			sourceTree = "<group>";
		};
		E47F62602BB1A958006154C0 /* sampleApp */ = {
			isa = PBXGroup;
			children = (
				E47F62612BB1A958006154C0 /* sampleAppApp.swift */,
				E47F62632BB1A958006154C0 /* ContentView.swift */,
				E47F62652BB1A959006154C0 /* Assets.xcassets */,
				E47F62672BB1A959006154C0 /* Preview Content */,
			);
			path = sampleApp;
			sourceTree = "<group>";
		};
		E47F62672BB1A959006154C0 /* Preview Content */ = {
			isa = PBXGroup;
			children = (
				E47F62682BB1A959006154C0 /* Preview Assets.xcassets */,
			);
			path = "Preview Content";
			sourceTree = "<group>";
		};
		E47F62712BB1A959006154C0 /* sampleAppTests */ = {
			isa = PBXGroup;
			children = (
				E47F62722BB1A959006154C0 /* sampleAppTests.swift */,
			);
			path = sampleAppTests;
			sourceTree = "<group>";
		};
		E47F627B2BB1A959006154C0 /* sampleAppUITests */ = {
			isa = PBXGroup;
			children = (
				E47F627C2BB1A959006154C0 /* sampleAppUITests.swift */,
				E47F627E2BB1A959006154C0 /* sampleAppUITestsLaunchTests.swift */,
			);
			path = sampleAppUITests;
			sourceTree = "<group>";
		};
/* End PBXGroup section */

/* Begin PBXNativeTarget section */
		E47F625D2BB1A958006154C0 /* sampleApp */ = {
			isa = PBXNativeTarget;
			buildConfigurationList = E47F62822BB1A959006154C0 /* Build configuration list for PBXNativeTarget "sampleApp" */;
			buildPhases = (
				0AB826AC5DD2993451A7A4E1 /* [CP] Check Pods Manifest.lock */,
				E47F625A2BB1A958006154C0 /* Sources */,
				E47F625B2BB1A958006154C0 /* Frameworks */,
				E47F625C2BB1A958006154C0 /* Resources */,
				2525AADB32ADDE2A2F6A0683 /* [CP] Copy Pods Resources */,
			);
			buildRules = (
			);
			dependencies = (
			);
			name = sampleApp;
			productName = sampleApp;
			productReference = E47F625E2BB1A958006154C0 /* sampleApp.app */;
			productType = "com.apple.product-type.application";
		};
		E47F626D2BB1A959006154C0 /* sampleAppTests */ = {
			isa = PBXNativeTarget;
			buildConfigurationList = E47F62852BB1A959006154C0 /* Build configuration list for PBXNativeTarget "sampleAppTests" */;
			buildPhases = (
				E47F626A2BB1A959006154C0 /* Sources */,
				E47F626B2BB1A959006154C0 /* Frameworks */,
				E47F626C2BB1A959006154C0 /* Resources */,
			);
			buildRules = (
			);
			dependencies = (
				E47F62702BB1A959006154C0 /* PBXTargetDependency */,
			);
			name = sampleAppTests;
			productName = sampleAppTests;
			productReference = E47F626E2BB1A959006154C0 /* sampleAppTests.xctest */;
			productType = "com.apple.product-type.bundle.unit-test";
		};
		E47F62772BB1A959006154C0 /* sampleAppUITests */ = {
			isa = PBXNativeTarget;
			buildConfigurationList = E47F62882BB1A959006154C0 /* Build configuration list for PBXNativeTarget "sampleAppUITests" */;
			buildPhases = (
				E47F62742BB1A959006154C0 /* Sources */,
				E47F62752BB1A959006154C0 /* Frameworks */,
				E47F62762BB1A959006154C0 /* Resources */,
			);
			buildRules = (
			);
			dependencies = (
				E47F627A2BB1A959006154C0 /* PBXTargetDependency */,
			);
			name = sampleAppUITests;
			productName = sampleAppUITests;
			productReference = E47F62782BB1A959006154C0 /* sampleAppUITests.xctest */;
			productType = "com.apple.product-type.bundle.ui-testing";
		};
/* End PBXNativeTarget section */

/* Begin PBXProject section */
		E47F62562BB1A958006154C0 /* Project object */ = {
			isa = PBXProject;
			attributes = {
				BuildIndependentTargetsInParallel = 1;
				LastSwiftUpdateCheck = 1530;
				LastUpgradeCheck = 1530;
				TargetAttributes = {
					E47F625D2BB1A958006154C0 = {
						CreatedOnToolsVersion = 15.3;
					};
					E47F626D2BB1A959006154C0 = {
						CreatedOnToolsVersion = 15.3;
						TestTargetID = E47F625D2BB1A958006154C0;
					};
					E47F62772BB1A959006154C0 = {
						CreatedOnToolsVersion = 15.3;
						TestTargetID = E47F625D2BB1A958006154C0;
					};
				};
			};
			buildConfigurationList = E47F62592BB1A958006154C0 /* Build configuration list for PBXProject "sampleApp" */;
			compatibilityVersion = "Xcode 14.0";
			developmentRegion = en;
			hasScannedForEncodings = 0;
			knownRegions = (
				en,
				Base,
			);
			mainGroup = E47F62552BB1A958006154C0;
			productRefGroup = E47F625F2BB1A958006154C0 /* Products */;
			projectDirPath = "";
			projectRoot = "";
			targets = (
				E47F625D2BB1A958006154C0 /* sampleApp */,
				E47F626D2BB1A959006154C0 /* sampleAppTests */,
				E47F62772BB1A959006154C0 /* sampleAppUITests */,
			);
		};
/* End PBXProject section */

/* Begin PBXResourcesBuildPhase section */
		E47F625C2BB1A958006154C0 /* Resources */ = {
			isa = PBXResourcesBuildPhase;
			buildActionMask = 2147483647;
			files = (
				E47F62692BB1A959006154C0 /* Preview Assets.xcassets in Resources */,
				E47F62662BB1A959006154C0 /* Assets.xcassets in Resources */,
			);
			runOnlyForDeploymentPostprocessing = 0;
		};
		E47F626C2BB1A959006154C0 /* Resources */ = {
			isa = PBXResourcesBuildPhase;
			buildActionMask = 2147483647;
			files = (
			);
			runOnlyForDeploymentPostprocessing = 0;
		};
		E47F62762BB1A959006154C0 /* Resources */ = {
			isa = PBXResourcesBuildPhase;
			buildActionMask = 2147483647;
			files = (
			);
			runOnlyForDeploymentPostprocessing = 0;
		};
/* End PBXResourcesBuildPhase section */

/* Begin PBXShellScriptBuildPhase section */
		0AB826AC5DD2993451A7A4E1 /* [CP] Check Pods Manifest.lock */ = {
			isa = PBXShellScriptBuildPhase;
			buildActionMask = 2147483647;
			files = (
			);
			inputFileListPaths = (
			);
			inputPaths = (
				"${PODS_PODFILE_DIR_PATH}/Podfile.lock",
				"${PODS_ROOT}/Manifest.lock",
			);
			name = "[CP] Check Pods Manifest.lock";
			outputFileListPaths = (
			);
			outputPaths = (
				"$(DERIVED_FILE_DIR)/Pods-sampleApp-checkManifestLockResult.txt",
			);
			runOnlyForDeploymentPostprocessing = 0;
			shellPath = /bin/sh;
			shellScript = "diff \"${PODS_PODFILE_DIR_PATH}/Podfile.lock\" \"${PODS_ROOT}/Manifest.lock\" > /dev/null\nif [ $? != 0 ] ; then\n    # print error to STDERR\n    echo \"error: The sandbox is not in sync with the Podfile.lock. Run 'pod install' or update your CocoaPods installation.\" >&2\n    exit 1\nfi\n# This output is used by Xcode 'outputs' to avoid re-running this script phase.\necho \"SUCCESS\" > \"${SCRIPT_OUTPUT_FILE_0}\"\n";
			showEnvVarsInLog = 0;
		};
		2525AADB32ADDE2A2F6A0683 /* [CP] Copy Pods Resources */ = {
			isa = PBXShellScriptBuildPhase;
			buildActionMask = 2147483647;
			files = (
			);
			inputFileListPaths = (
				"${PODS_ROOT}/Target Support Files/Pods-sampleApp/Pods-sampleApp-resources-${CONFIGURATION}-input-files.xcfilelist",
			);
			name = "[CP] Copy Pods Resources";
			outputFileListPaths = (
				"${PODS_ROOT}/Target Support Files/Pods-sampleApp/Pods-sampleApp-resources-${CONFIGURATION}-output-files.xcfilelist",
			);
			runOnlyForDeploymentPostprocessing = 0;
			shellPath = /bin/sh;
			shellScript = "\"${PODS_ROOT}/Target Support Files/Pods-sampleApp/Pods-sampleApp-resources.sh\"\n";
			showEnvVarsInLog = 0;
		};
/* End PBXShellScriptBuildPhase section */

/* Begin PBXSourcesBuildPhase section */
		E47F625A2BB1A958006154C0 /* Sources */ = {
			isa = PBXSourcesBuildPhase;
			buildActionMask = 2147483647;
			files = (
				E47F62642BB1A958006154C0 /* ContentView.swift in Sources */,
				E47F62622BB1A958006154C0 /* sampleAppApp.swift in Sources */,
			);
			runOnlyForDeploymentPostprocessing = 0;
		};
		E47F626A2BB1A959006154C0 /* Sources */ = {
			isa = PBXSourcesBuildPhase;
			buildActionMask = 2147483647;
			files = (
				E47F62732BB1A959006154C0 /* sampleAppTests.swift in Sources */,
			);
			runOnlyForDeploymentPostprocessing = 0;
		};
		E47F62742BB1A959006154C0 /* Sources */ = {
			isa = PBXSourcesBuildPhase;
			buildActionMask = 2147483647;
			files = (
				E47F627F2BB1A959006154C0 /* sampleAppUITestsLaunchTests.swift in Sources */,
				E47F627D2BB1A959006154C0 /* sampleAppUITests.swift in Sources */,
			);
			runOnlyForDeploymentPostprocessing = 0;
		};
/* End PBXSourcesBuildPhase section */

/* Begin PBXTargetDependency section */
		E47F62702BB1A959006154C0 /* PBXTargetDependency */ = {
			isa = PBXTargetDependency;
			target = E47F625D2BB1A958006154C0 /* sampleApp */;
			targetProxy = E47F626F2BB1A959006154C0 /* PBXContainerItemProxy */;
		};
		E47F627A2BB1A959006154C0 /* PBXTargetDependency */ = {
			isa = PBXTargetDependency;
			target = E47F625D2BB1A958006154C0 /* sampleApp */;
			targetProxy = E47F62792BB1A959006154C0 /* PBXContainerItemProxy */;
		};
/* End PBXTargetDependency section */

/* Begin XCBuildConfiguration section */
		E47F62802BB1A959006154C0 /* Debug */ = {
			isa = XCBuildConfiguration;
			buildSettings = {
				ALWAYS_SEARCH_USER_PATHS = NO;
				ASSETCATALOG_COMPILER_GENERATE_SWIFT_ASSET_SYMBOL_EXTENSIONS = YES;
				CLANG_ANALYZER_NONNULL = YES;
				CLANG_ANALYZER_NUMBER_OBJECT_CONVERSION = YES_AGGRESSIVE;
				CLANG_CXX_LANGUAGE_STANDARD = "gnu++20";
				CLANG_ENABLE_MODULES = YES;
				CLANG_ENABLE_OBJC_ARC = YES;
				CLANG_ENABLE_OBJC_WEAK = YES;
				CLANG_WARN_BLOCK_CAPTURE_AUTORELEASING = YES;
				CLANG_WARN_BOOL_CONVERSION = YES;
				CLANG_WARN_COMMA = YES;
				CLANG_WARN_CONSTANT_CONVERSION = YES;
				CLANG_WARN_DEPRECATED_OBJC_IMPLEMENTATIONS = YES;
				CLANG_WARN_DIRECT_OBJC_ISA_USAGE = YES_ERROR;
				CLANG_WARN_DOCUMENTATION_COMMENTS = YES;
				CLANG_WARN_EMPTY_BODY = YES;
				CLANG_WARN_ENUM_CONVERSION = YES;
				CLANG_WARN_INFINITE_RECURSION = YES;
				CLANG_WARN_INT_CONVERSION = YES;
				CLANG_WARN_NON_LITERAL_NULL_CONVERSION = YES;
				CLANG_WARN_OBJC_IMPLICIT_RETAIN_SELF = YES;
				CLANG_WARN_OBJC_LITERAL_CONVERSION = YES;
				CLANG_WARN_OBJC_ROOT_CLASS = YES_ERROR;
				CLANG_WARN_QUOTED_INCLUDE_IN_FRAMEWORK_HEADER = YES;
				CLANG_WARN_RANGE_LOOP_ANALYSIS = YES;
				CLANG_WARN_STRICT_PROTOTYPES = YES;
				CLANG_WARN_SUSPICIOUS_MOVE = YES;
				CLANG_WARN_UNGUARDED_AVAILABILITY = YES_AGGRESSIVE;
				CLANG_WARN_UNREACHABLE_CODE = YES;
				CLANG_WARN__DUPLICATE_METHOD_MATCH = YES;
				COPY_PHASE_STRIP = NO;
				DEBUG_INFORMATION_FORMAT = dwarf;
				ENABLE_STRICT_OBJC_MSGSEND = YES;
				ENABLE_TESTABILITY = YES;
				ENABLE_USER_SCRIPT_SANDBOXING = YES;
				GCC_C_LANGUAGE_STANDARD = gnu17;
				GCC_DYNAMIC_NO_PIC = NO;
				GCC_NO_COMMON_BLOCKS = YES;
				GCC_OPTIMIZATION_LEVEL = 0;
				GCC_PREPROCESSOR_DEFINITIONS = (
					"DEBUG=1",
					"$(inherited)",
				);
				GCC_WARN_64_TO_32_BIT_CONVERSION = YES;
				GCC_WARN_ABOUT_RETURN_TYPE = YES_ERROR;
				GCC_WARN_UNDECLARED_SELECTOR = YES;
				GCC_WARN_UNINITIALIZED_AUTOS = YES_AGGRESSIVE;
				GCC_WARN_UNUSED_FUNCTION = YES;
				GCC_WARN_UNUSED_VARIABLE = YES;
				IPHONEOS_DEPLOYMENT_TARGET = 17.4;
				LOCALIZATION_PREFERS_STRING_CATALOGS = YES;
				MTL_ENABLE_DEBUG_INFO = INCLUDE_SOURCE;
				MTL_FAST_MATH = YES;
				ONLY_ACTIVE_ARCH = YES;
				SDKROOT = iphoneos;
				SWIFT_ACTIVE_COMPILATION_CONDITIONS = "DEBUG $(inherited)";
				SWIFT_OPTIMIZATION_LEVEL = "-Onone";
			};
			name = Debug;
		};
		E47F62812BB1A959006154C0 /* Release */ = {
			isa = XCBuildConfiguration;
			buildSettings = {
				ALWAYS_SEARCH_USER_PATHS = NO;
				ASSETCATALOG_COMPILER_GENERATE_SWIFT_ASSET_SYMBOL_EXTENSIONS = YES;
				CLANG_ANALYZER_NONNULL = YES;
				CLANG_ANALYZER_NUMBER_OBJECT_CONVERSION = YES_AGGRESSIVE;
				CLANG_CXX_LANGUAGE_STANDARD = "gnu++20";
				CLANG_ENABLE_MODULES = YES;
				CLANG_ENABLE_OBJC_ARC = YES;
				CLANG_ENABLE_OBJC_WEAK = YES;
				CLANG_WARN_BLOCK_CAPTURE_AUTORELEASING = YES;
				CLANG_WARN_BOOL_CONVERSION = YES;
				CLANG_WARN_COMMA = YES;
				CLANG_WARN_CONSTANT_CONVERSION = YES;
				CLANG_WARN_DEPRECATED_OBJC_IMPLEMENTATIONS = YES;
				CLANG_WARN_DIRECT_OBJC_ISA_USAGE = YES_ERROR;
				CLANG_WARN_DOCUMENTATION_COMMENTS = YES;
				CLANG_WARN_EMPTY_BODY = YES;
				CLANG_WARN_ENUM_CONVERSION = YES;
				CLANG_WARN_INFINITE_RECURSION = YES;
				CLANG_WARN_INT_CONVERSION = YES;
				CLANG_WARN_NON_LITERAL_NULL_CONVERSION = YES;
				CLANG_WARN_OBJC_IMPLICIT_RETAIN_SELF = YES;
				CLANG_WARN_OBJC_LITERAL_CONVERSION = YES;
				CLANG_WARN_OBJC_ROOT_CLASS = YES_ERROR;
				CLANG_WARN_QUOTED_INCLUDE_IN_FRAMEWORK_HEADER = YES;
				CLANG_WARN_RANGE_LOOP_ANALYSIS = YES;
				CLANG_WARN_STRICT_PROTOTYPES = YES;
				CLANG_WARN_SUSPICIOUS_MOVE = YES;
				CLANG_WARN_UNGUARDED_AVAILABILITY = YES_AGGRESSIVE;
				CLANG_WARN_UNREACHABLE_CODE = YES;
				CLANG_WARN__DUPLICATE_METHOD_MATCH = YES;
				COPY_PHASE_STRIP = NO;
				DEBUG_INFORMATION_FORMAT = "dwarf-with-dsym";
				ENABLE_NS_ASSERTIONS = NO;
				ENABLE_STRICT_OBJC_MSGSEND = YES;
				ENABLE_USER_SCRIPT_SANDBOXING = YES;
				GCC_C_LANGUAGE_STANDARD = gnu17;
				GCC_NO_COMMON_BLOCKS = YES;
				GCC_WARN_64_TO_32_BIT_CONVERSION = YES;
				GCC_WARN_ABOUT_RETURN_TYPE = YES_ERROR;
				GCC_WARN_UNDECLARED_SELECTOR = YES;
				GCC_WARN_UNINITIALIZED_AUTOS = YES_AGGRESSIVE;
				GCC_WARN_UNUSED_FUNCTION = YES;
				GCC_WARN_UNUSED_VARIABLE = YES;
				IPHONEOS_DEPLOYMENT_TARGET = 17.4;
				LOCALIZATION_PREFERS_STRING_CATALOGS = YES;
				MTL_ENABLE_DEBUG_INFO = NO;
				MTL_FAST_MATH = YES;
				SDKROOT = iphoneos;
				SWIFT_COMPILATION_MODE = wholemodule;
				VALIDATE_PRODUCT = YES;
			};
			name = Release;
		};
		E47F62832BB1A959006154C0 /* Debug */ = {
			isa = XCBuildConfiguration;
			baseConfigurationReference = D2269C2E41BE32B092AD9536 /* Pods-sampleApp.debug.xcconfig */;
			buildSettings = {
				ASSETCATALOG_COMPILER_APPICON_NAME = AppIcon;
				ASSETCATALOG_COMPILER_GLOBAL_ACCENT_COLOR_NAME = AccentColor;
				CODE_SIGN_STYLE = Automatic;
				CURRENT_PROJECT_VERSION = 1;
				DEVELOPMENT_ASSET_PATHS = "\"sampleApp/Preview Content\"";
				DEVELOPMENT_TEAM = KXU64J2L4T;
				ENABLE_PREVIEWS = YES;
				GENERATE_INFOPLIST_FILE = YES;
				INFOPLIST_KEY_UIApplicationSceneManifest_Generation = YES;
				INFOPLIST_KEY_UIApplicationSupportsIndirectInputEvents = YES;
				INFOPLIST_KEY_UILaunchScreen_Generation = YES;
				INFOPLIST_KEY_UISupportedInterfaceOrientations_iPad = "UIInterfaceOrientationPortrait UIInterfaceOrientationPortraitUpsideDown UIInterfaceOrientationLandscapeLeft UIInterfaceOrientationLandscapeRight";
				INFOPLIST_KEY_UISupportedInterfaceOrientations_iPhone = "UIInterfaceOrientationPortrait UIInterfaceOrientationLandscapeLeft UIInterfaceOrientationLandscapeRight";
				LD_RUNPATH_SEARCH_PATHS = (
					"$(inherited)",
					"@executable_path/Frameworks",
				);
				MARKETING_VERSION = 1.0;
				PRODUCT_BUNDLE_IDENTIFIER = de.thekorn.sampleApp;
				PRODUCT_NAME = "$(TARGET_NAME)";
				SWIFT_EMIT_LOC_STRINGS = YES;
				SWIFT_VERSION = 5.0;
				TARGETED_DEVICE_FAMILY = "1,2";
			};
			name = Debug;
		};
		E47F62842BB1A959006154C0 /* Release */ = {
			isa = XCBuildConfiguration;
			baseConfigurationReference = 8EC1818347DDF6CC98F677BE /* Pods-sampleApp.release.xcconfig */;
			buildSettings = {
				ASSETCATALOG_COMPILER_APPICON_NAME = AppIcon;
				ASSETCATALOG_COMPILER_GLOBAL_ACCENT_COLOR_NAME = AccentColor;
				CODE_SIGN_STYLE = Automatic;
				CURRENT_PROJECT_VERSION = 1;
				DEVELOPMENT_ASSET_PATHS = "\"sampleApp/Preview Content\"";
				DEVELOPMENT_TEAM = KXU64J2L4T;
				ENABLE_PREVIEWS = YES;
				GENERATE_INFOPLIST_FILE = YES;
				INFOPLIST_KEY_UIApplicationSceneManifest_Generation = YES;
				INFOPLIST_KEY_UIApplicationSupportsIndirectInputEvents = YES;
				INFOPLIST_KEY_UILaunchScreen_Generation = YES;
				INFOPLIST_KEY_UISupportedInterfaceOrientations_iPad = "UIInterfaceOrientationPortrait UIInterfaceOrientationPortraitUpsideDown UIInterfaceOrientationLandscapeLeft UIInterfaceOrientationLandscapeRight";
				INFOPLIST_KEY_UISupportedInterfaceOrientations_iPhone = "UIInterfaceOrientationPortrait UIInterfaceOrientationLandscapeLeft UIInterfaceOrientationLandscapeRight";
				LD_RUNPATH_SEARCH_PATHS = (
					"$(inherited)",
					"@executable_path/Frameworks",
				);
				MARKETING_VERSION = 1.0;
				PRODUCT_BUNDLE_IDENTIFIER = de.thekorn.sampleApp;
				PRODUCT_NAME = "$(TARGET_NAME)";
				SWIFT_EMIT_LOC_STRINGS = YES;
				SWIFT_VERSION = 5.0;
				TARGETED_DEVICE_FAMILY = "1,2";
			};
			name = Release;
		};
		E47F62862BB1A959006154C0 /* Debug */ = {
			isa = XCBuildConfiguration;
			buildSettings = {
				ALWAYS_EMBED_SWIFT_STANDARD_LIBRARIES = YES;
				BUNDLE_LOADER = "$(TEST_HOST)";
				CODE_SIGN_STYLE = Automatic;
				CURRENT_PROJECT_VERSION = 1;
				DEVELOPMENT_TEAM = KXU64J2L4T;
				GENERATE_INFOPLIST_FILE = YES;
				IPHONEOS_DEPLOYMENT_TARGET = 17.4;
				MARKETING_VERSION = 1.0;
				PRODUCT_BUNDLE_IDENTIFIER = de.thekorn.sampleAppTests;
				PRODUCT_NAME = "$(TARGET_NAME)";
				SWIFT_EMIT_LOC_STRINGS = NO;
				SWIFT_VERSION = 5.0;
				TARGETED_DEVICE_FAMILY = "1,2";
				TEST_HOST = "$(BUILT_PRODUCTS_DIR)/sampleApp.app/$(BUNDLE_EXECUTABLE_FOLDER_PATH)/sampleApp";
			};
			name = Debug;
		};
		E47F62872BB1A959006154C0 /* Release */ = {
			isa = XCBuildConfiguration;
			buildSettings = {
				ALWAYS_EMBED_SWIFT_STANDARD_LIBRARIES = YES;
				BUNDLE_LOADER = "$(TEST_HOST)";
				CODE_SIGN_STYLE = Automatic;
				CURRENT_PROJECT_VERSION = 1;
				DEVELOPMENT_TEAM = KXU64J2L4T;
				GENERATE_INFOPLIST_FILE = YES;
				IPHONEOS_DEPLOYMENT_TARGET = 17.4;
				MARKETING_VERSION = 1.0;
				PRODUCT_BUNDLE_IDENTIFIER = de.thekorn.sampleAppTests;
				PRODUCT_NAME = "$(TARGET_NAME)";
				SWIFT_EMIT_LOC_STRINGS = NO;
				SWIFT_VERSION = 5.0;
				TARGETED_DEVICE_FAMILY = "1,2";
				TEST_HOST = "$(BUILT_PRODUCTS_DIR)/sampleApp.app/$(BUNDLE_EXECUTABLE_FOLDER_PATH)/sampleApp";
			};
			name = Release;
		};
		E47F62892BB1A959006154C0 /* Debug */ = {
			isa = XCBuildConfiguration;
			buildSettings = {
				ALWAYS_EMBED_SWIFT_STANDARD_LIBRARIES = YES;
				CODE_SIGN_STYLE = Automatic;
				CURRENT_PROJECT_VERSION = 1;
				DEVELOPMENT_TEAM = KXU64J2L4T;
				GENERATE_INFOPLIST_FILE = YES;
				MARKETING_VERSION = 1.0;
				PRODUCT_BUNDLE_IDENTIFIER = de.thekorn.sampleAppUITests;
				PRODUCT_NAME = "$(TARGET_NAME)";
				SWIFT_EMIT_LOC_STRINGS = NO;
				SWIFT_VERSION = 5.0;
				TARGETED_DEVICE_FAMILY = "1,2";
				TEST_TARGET_NAME = sampleApp;
			};
			name = Debug;
		};
		E47F628A2BB1A959006154C0 /* Release */ = {
			isa = XCBuildConfiguration;
			buildSettings = {
				ALWAYS_EMBED_SWIFT_STANDARD_LIBRARIES = YES;
				CODE_SIGN_STYLE = Automatic;
				CURRENT_PROJECT_VERSION = 1;
				DEVELOPMENT_TEAM = KXU64J2L4T;
				GENERATE_INFOPLIST_FILE = YES;
				MARKETING_VERSION = 1.0;
				PRODUCT_BUNDLE_IDENTIFIER = de.thekorn.sampleAppUITests;
				PRODUCT_NAME = "$(TARGET_NAME)";
				SWIFT_EMIT_LOC_STRINGS = NO;
				SWIFT_VERSION = 5.0;
				TARGETED_DEVICE_FAMILY = "1,2";
				TEST_TARGET_NAME = sampleApp;
			};
			name = Release;
		};
/* End XCBuildConfiguration section */

/* Begin XCConfigurationList section */
		E47F62592BB1A958006154C0 /* Build configuration list for PBXProject "sampleApp" */ = {
			isa = XCConfigurationList;
			buildConfigurations = (
				E47F62802BB1A959006154C0 /* Debug */,
				E47F62812BB1A959006154C0 /* Release */,
			);
			defaultConfigurationIsVisible = 0;
			defaultConfigurationName = Release;
		};
		E47F62822BB1A959006154C0 /* Build configuration list for PBXNativeTarget "sampleApp" */ = {
			isa = XCConfigurationList;
			buildConfigurations = (
				E47F62832BB1A959006154C0 /* Debug */,
				E47F62842BB1A959006154C0 /* Release */,
			);
			defaultConfigurationIsVisible = 0;
			defaultConfigurationName = Release;
		};
		E47F62852BB1A959006154C0 /* Build configuration list for PBXNativeTarget "sampleAppTests" */ = {
			isa = XCConfigurationList;
			buildConfigurations = (
				E47F62862BB1A959006154C0 /* Debug */,
				E47F62872BB1A959006154C0 /* Release */,
			);
			defaultConfigurationIsVisible = 0;
			defaultConfigurationName = Release;
		};
		E47F62882BB1A959006154C0 /* Build configuration list for PBXNativeTarget "sampleAppUITests" */ = {
			isa = XCConfigurationList;
			buildConfigurations = (
				E47F62892BB1A959006154C0 /* Debug */,
				E47F628A2BB1A959006154C0 /* Release */,
			);
			defaultConfigurationIsVisible = 0;
			defaultConfigurationName = Release;
		};
/* End XCConfigurationList section */
	};
	rootObject = E47F62562BB1A958006154C0 /* Project object */;
}
